// !$*UTF8*$!
{
	archiveVersion = 1;
	classes = {
	};
	objectVersion = 46;
	objects = {

/* Begin PBXBuildFile section */
		26CCCC2F15E2CAEF003A5395 /* UIKit.framework in Frameworks */ = {isa = PBXBuildFile; fileRef = 26CCCC2E15E2CAEF003A5395 /* UIKit.framework */; };
		26CCCC3115E2CAEF003A5395 /* Foundation.framework in Frameworks */ = {isa = PBXBuildFile; fileRef = 26CCCC3015E2CAEF003A5395 /* Foundation.framework */; };
		26CCCC3315E2CAEF003A5395 /* CoreGraphics.framework in Frameworks */ = {isa = PBXBuildFile; fileRef = 26CCCC3215E2CAEF003A5395 /* CoreGraphics.framework */; };
		26CCCC3915E2CAEF003A5395 /* InfoPlist.strings in Resources */ = {isa = PBXBuildFile; fileRef = 26CCCC3715E2CAEF003A5395 /* InfoPlist.strings */; };
		26CCCC3B15E2CAEF003A5395 /* main.m in Sources */ = {isa = PBXBuildFile; fileRef = 26CCCC3A15E2CAEF003A5395 /* main.m */; };
		26CCCC3F15E2CAEF003A5395 /* AppDelegate.m in Sources */ = {isa = PBXBuildFile; fileRef = 26CCCC3E15E2CAEF003A5395 /* AppDelegate.m */; };
		26CCCC4215E2CAEF003A5395 /* MainStoryboard_iPhone.storyboard in Resources */ = {isa = PBXBuildFile; fileRef = 26CCCC4015E2CAEF003A5395 /* MainStoryboard_iPhone.storyboard */; };
		26CCCC4515E2CAEF003A5395 /* MainStoryboard_iPad.storyboard in Resources */ = {isa = PBXBuildFile; fileRef = 26CCCC4315E2CAEF003A5395 /* MainStoryboard_iPad.storyboard */; };
		26CCCC4815E2CAEF003A5395 /* ViewController.m in Sources */ = {isa = PBXBuildFile; fileRef = 26CCCC4715E2CAEF003A5395 /* ViewController.m */; };
		26CCCC5015E2CAEF003A5395 /* SenTestingKit.framework in Frameworks */ = {isa = PBXBuildFile; fileRef = 26CCCC4F15E2CAEF003A5395 /* SenTestingKit.framework */; };
		26CCCC5115E2CAEF003A5395 /* UIKit.framework in Frameworks */ = {isa = PBXBuildFile; fileRef = 26CCCC2E15E2CAEF003A5395 /* UIKit.framework */; };
		26CCCC5215E2CAEF003A5395 /* Foundation.framework in Frameworks */ = {isa = PBXBuildFile; fileRef = 26CCCC3015E2CAEF003A5395 /* Foundation.framework */; };
		26CCCC5A15E2CAEF003A5395 /* InfoPlist.strings in Resources */ = {isa = PBXBuildFile; fileRef = 26CCCC5815E2CAEF003A5395 /* InfoPlist.strings */; };
		26CCCC5D15E2CAEF003A5395 /* BasicTests.m in Sources */ = {isa = PBXBuildFile; fileRef = 26CCCC5C15E2CAEF003A5395 /* BasicTests.m */; };
/* End PBXBuildFile section */

/* Begin PBXContainerItemProxy section */
		26CCCC5315E2CAEF003A5395 /* PBXContainerItemProxy */ = {
			isa = PBXContainerItemProxy;
			containerPortal = 26CCCC2115E2CAEF003A5395 /* Project object */;
			proxyType = 1;
			remoteGlobalIDString = 26CCCC2915E2CAEF003A5395;
			remoteInfo = Basic;
		};
/* End PBXContainerItemProxy section */

/* Begin PBXFileReference section */
		26CCCC2A15E2CAEF003A5395 /* Basic.app */ = {isa = PBXFileReference; explicitFileType = wrapper.application; includeInIndex = 0; path = Basic.app; sourceTree = BUILT_PRODUCTS_DIR; };
		26CCCC2E15E2CAEF003A5395 /* UIKit.framework */ = {isa = PBXFileReference; lastKnownFileType = wrapper.framework; name = UIKit.framework; path = System/Library/Frameworks/UIKit.framework; sourceTree = SDKROOT; };
		26CCCC3015E2CAEF003A5395 /* Foundation.framework */ = {isa = PBXFileReference; lastKnownFileType = wrapper.framework; name = Foundation.framework; path = System/Library/Frameworks/Foundation.framework; sourceTree = SDKROOT; };
		26CCCC3215E2CAEF003A5395 /* CoreGraphics.framework */ = {isa = PBXFileReference; lastKnownFileType = wrapper.framework; name = CoreGraphics.framework; path = System/Library/Frameworks/CoreGraphics.framework; sourceTree = SDKROOT; };
		26CCCC3615E2CAEF003A5395 /* Basic-Info.plist */ = {isa = PBXFileReference; lastKnownFileType = text.plist.xml; path = "Basic-Info.plist"; sourceTree = "<group>"; };
		26CCCC3815E2CAEF003A5395 /* en */ = {isa = PBXFileReference; lastKnownFileType = text.plist.strings; name = en; path = en.lproj/InfoPlist.strings; sourceTree = "<group>"; };
		26CCCC3A15E2CAEF003A5395 /* main.m */ = {isa = PBXFileReference; lastKnownFileType = sourcecode.c.objc; path = main.m; sourceTree = "<group>"; };
		26CCCC3C15E2CAEF003A5395 /* Basic-Prefix.pch */ = {isa = PBXFileReference; lastKnownFileType = sourcecode.c.h; path = "Basic-Prefix.pch"; sourceTree = "<group>"; };
		26CCCC3D15E2CAEF003A5395 /* AppDelegate.h */ = {isa = PBXFileReference; lastKnownFileType = sourcecode.c.h; path = AppDelegate.h; sourceTree = "<group>"; };
		26CCCC3E15E2CAEF003A5395 /* AppDelegate.m */ = {isa = PBXFileReference; lastKnownFileType = sourcecode.c.objc; path = AppDelegate.m; sourceTree = "<group>"; };
		26CCCC4115E2CAEF003A5395 /* en */ = {isa = PBXFileReference; lastKnownFileType = file.storyboard; name = en; path = en.lproj/MainStoryboard_iPhone.storyboard; sourceTree = "<group>"; };
		26CCCC4415E2CAEF003A5395 /* en */ = {isa = PBXFileReference; lastKnownFileType = file.storyboard; name = en; path = en.lproj/MainStoryboard_iPad.storyboard; sourceTree = "<group>"; };
		26CCCC4615E2CAEF003A5395 /* ViewController.h */ = {isa = PBXFileReference; lastKnownFileType = sourcecode.c.h; path = ViewController.h; sourceTree = "<group>"; };
		26CCCC4715E2CAEF003A5395 /* ViewController.m */ = {isa = PBXFileReference; lastKnownFileType = sourcecode.c.objc; path = ViewController.m; sourceTree = "<group>"; };
		26CCCC4E15E2CAEF003A5395 /* BasicTests.octest */ = {isa = PBXFileReference; explicitFileType = wrapper.cfbundle; includeInIndex = 0; path = BasicTests.octest; sourceTree = BUILT_PRODUCTS_DIR; };
		26CCCC4F15E2CAEF003A5395 /* SenTestingKit.framework */ = {isa = PBXFileReference; lastKnownFileType = wrapper.framework; name = SenTestingKit.framework; path = Library/Frameworks/SenTestingKit.framework; sourceTree = DEVELOPER_DIR; };
		26CCCC5715E2CAEF003A5395 /* BasicTests-Info.plist */ = {isa = PBXFileReference; lastKnownFileType = text.plist.xml; path = "BasicTests-Info.plist"; sourceTree = "<group>"; };
		26CCCC5915E2CAEF003A5395 /* en */ = {isa = PBXFileReference; lastKnownFileType = text.plist.strings; name = en; path = en.lproj/InfoPlist.strings; sourceTree = "<group>"; };
		26CCCC5B15E2CAEF003A5395 /* BasicTests.h */ = {isa = PBXFileReference; lastKnownFileType = sourcecode.c.h; path = BasicTests.h; sourceTree = "<group>"; };
		26CCCC5C15E2CAEF003A5395 /* BasicTests.m */ = {isa = PBXFileReference; lastKnownFileType = sourcecode.c.objc; path = BasicTests.m; sourceTree = "<group>"; };
/* End PBXFileReference section */

/* Begin PBXFrameworksBuildPhase section */
		26CCCC2715E2CAEF003A5395 /* Frameworks */ = {
			isa = PBXFrameworksBuildPhase;
			buildActionMask = 2147483647;
			files = (
				26CCCC2F15E2CAEF003A5395 /* UIKit.framework in Frameworks */,
				26CCCC3115E2CAEF003A5395 /* Foundation.framework in Frameworks */,
				26CCCC3315E2CAEF003A5395 /* CoreGraphics.framework in Frameworks */,
			);
			runOnlyForDeploymentPostprocessing = 0;
		};
		26CCCC4A15E2CAEF003A5395 /* Frameworks */ = {
			isa = PBXFrameworksBuildPhase;
			buildActionMask = 2147483647;
			files = (
				26CCCC5015E2CAEF003A5395 /* SenTestingKit.framework in Frameworks */,
				26CCCC5115E2CAEF003A5395 /* UIKit.framework in Frameworks */,
				26CCCC5215E2CAEF003A5395 /* Foundation.framework in Frameworks */,
			);
			runOnlyForDeploymentPostprocessing = 0;
		};
/* End PBXFrameworksBuildPhase section */

/* Begin PBXGroup section */
		26CCCC1F15E2CAEF003A5395 = {
			isa = PBXGroup;
			children = (
				26CCCC3415E2CAEF003A5395 /* Basic */,
				26CCCC5515E2CAEF003A5395 /* BasicTests */,
				26CCCC2D15E2CAEF003A5395 /* Frameworks */,
				26CCCC2B15E2CAEF003A5395 /* Products */,
			);
			sourceTree = "<group>";
		};
		26CCCC2B15E2CAEF003A5395 /* Products */ = {
			isa = PBXGroup;
			children = (
				26CCCC2A15E2CAEF003A5395 /* Basic.app */,
				26CCCC4E15E2CAEF003A5395 /* BasicTests.octest */,
			);
			name = Products;
			sourceTree = "<group>";
		};
		26CCCC2D15E2CAEF003A5395 /* Frameworks */ = {
			isa = PBXGroup;
			children = (
				26CCCC2E15E2CAEF003A5395 /* UIKit.framework */,
				26CCCC3015E2CAEF003A5395 /* Foundation.framework */,
				26CCCC3215E2CAEF003A5395 /* CoreGraphics.framework */,
				26CCCC4F15E2CAEF003A5395 /* SenTestingKit.framework */,
			);
			name = Frameworks;
			sourceTree = "<group>";
		};
		26CCCC3415E2CAEF003A5395 /* Basic */ = {
			isa = PBXGroup;
			children = (
				26CCCC3D15E2CAEF003A5395 /* AppDelegate.h */,
				26CCCC3E15E2CAEF003A5395 /* AppDelegate.m */,
				26CCCC4015E2CAEF003A5395 /* MainStoryboard_iPhone.storyboard */,
				26CCCC4315E2CAEF003A5395 /* MainStoryboard_iPad.storyboard */,
				26CCCC4615E2CAEF003A5395 /* ViewController.h */,
				26CCCC4715E2CAEF003A5395 /* ViewController.m */,
				26CCCC3515E2CAEF003A5395 /* Supporting Files */,
			);
			path = Basic;
			sourceTree = "<group>";
		};
		26CCCC3515E2CAEF003A5395 /* Supporting Files */ = {
			isa = PBXGroup;
			children = (
				26CCCC3615E2CAEF003A5395 /* Basic-Info.plist */,
				26CCCC3715E2CAEF003A5395 /* InfoPlist.strings */,
				26CCCC3A15E2CAEF003A5395 /* main.m */,
				26CCCC3C15E2CAEF003A5395 /* Basic-Prefix.pch */,
			);
			name = "Supporting Files";
			sourceTree = "<group>";
		};
		26CCCC5515E2CAEF003A5395 /* BasicTests */ = {
			isa = PBXGroup;
			children = (
				26CCCC5B15E2CAEF003A5395 /* BasicTests.h */,
				26CCCC5C15E2CAEF003A5395 /* BasicTests.m */,
				26CCCC5615E2CAEF003A5395 /* Supporting Files */,
			);
			path = BasicTests;
			sourceTree = "<group>";
		};
		26CCCC5615E2CAEF003A5395 /* Supporting Files */ = {
			isa = PBXGroup;
			children = (
				26CCCC5715E2CAEF003A5395 /* BasicTests-Info.plist */,
				26CCCC5815E2CAEF003A5395 /* InfoPlist.strings */,
			);
			name = "Supporting Files";
			sourceTree = "<group>";
		};
/* End PBXGroup section */

/* Begin PBXNativeTarget section */
		26CCCC2915E2CAEF003A5395 /* Basic */ = {
			isa = PBXNativeTarget;
			buildConfigurationList = 26CCCC6015E2CAEF003A5395 /* Build configuration list for PBXNativeTarget "Basic" */;
			buildPhases = (
				26CCCC2615E2CAEF003A5395 /* Sources */,
				26CCCC2715E2CAEF003A5395 /* Frameworks */,
				26CCCC2815E2CAEF003A5395 /* Resources */,
			);
			buildRules = (
			);
			dependencies = (
			);
			name = Basic;
			productName = Basic;
			productReference = 26CCCC2A15E2CAEF003A5395 /* Basic.app */;
			productType = "com.apple.product-type.application";
		};
		26CCCC4D15E2CAEF003A5395 /* BasicTests */ = {
			isa = PBXNativeTarget;
			buildConfigurationList = 26CCCC6315E2CAEF003A5395 /* Build configuration list for PBXNativeTarget "BasicTests" */;
			buildPhases = (
				26CCCC4915E2CAEF003A5395 /* Sources */,
				26CCCC4A15E2CAEF003A5395 /* Frameworks */,
				26CCCC4B15E2CAEF003A5395 /* Resources */,
				26CCCC4C15E2CAEF003A5395 /* ShellScript */,
			);
			buildRules = (
			);
			dependencies = (
				26CCCC5415E2CAEF003A5395 /* PBXTargetDependency */,
			);
			name = BasicTests;
			productName = BasicTests;
			productReference = 26CCCC4E15E2CAEF003A5395 /* BasicTests.octest */;
			productType = "com.apple.product-type.bundle";
		};
/* End PBXNativeTarget section */

/* Begin PBXProject section */
		26CCCC2115E2CAEF003A5395 /* Project object */ = {
			isa = PBXProject;
			attributes = {
				LastUpgradeCheck = 0430;
			};
			buildConfigurationList = 26CCCC2415E2CAEF003A5395 /* Build configuration list for PBXProject "Basic" */;
			compatibilityVersion = "Xcode 3.2";
			developmentRegion = English;
			hasScannedForEncodings = 0;
			knownRegions = (
				en,
			);
			mainGroup = 26CCCC1F15E2CAEF003A5395;
			productRefGroup = 26CCCC2B15E2CAEF003A5395 /* Products */;
			projectDirPath = "";
			projectRoot = "";
			targets = (
				26CCCC2915E2CAEF003A5395 /* Basic */,
				26CCCC4D15E2CAEF003A5395 /* BasicTests */,
			);
		};
/* End PBXProject section */

/* Begin PBXResourcesBuildPhase section */
		26CCCC2815E2CAEF003A5395 /* Resources */ = {
			isa = PBXResourcesBuildPhase;
			buildActionMask = 2147483647;
			files = (
				26CCCC3915E2CAEF003A5395 /* InfoPlist.strings in Resources */,
				26CCCC4215E2CAEF003A5395 /* MainStoryboard_iPhone.storyboard in Resources */,
				26CCCC4515E2CAEF003A5395 /* MainStoryboard_iPad.storyboard in Resources */,
			);
			runOnlyForDeploymentPostprocessing = 0;
		};
		26CCCC4B15E2CAEF003A5395 /* Resources */ = {
			isa = PBXResourcesBuildPhase;
			buildActionMask = 2147483647;
			files = (
				26CCCC5A15E2CAEF003A5395 /* InfoPlist.strings in Resources */,
			);
			runOnlyForDeploymentPostprocessing = 0;
		};
/* End PBXResourcesBuildPhase section */

/* Begin PBXShellScriptBuildPhase section */
		26CCCC4C15E2CAEF003A5395 /* ShellScript */ = {
			isa = PBXShellScriptBuildPhase;
			buildActionMask = 2147483647;
			files = (
			);
			inputPaths = (
			);
			outputPaths = (
			);
			runOnlyForDeploymentPostprocessing = 0;
			shellPath = /bin/sh;
			shellScript = "# Run the unit tests in this test bundle.\n\"${SYSTEM_DEVELOPER_DIR}/Tools/RunUnitTests\"\n";
		};
/* End PBXShellScriptBuildPhase section */

/* Begin PBXSourcesBuildPhase section */
		26CCCC2615E2CAEF003A5395 /* Sources */ = {
			isa = PBXSourcesBuildPhase;
			buildActionMask = 2147483647;
			files = (
				26CCCC3B15E2CAEF003A5395 /* main.m in Sources */,
				26CCCC3F15E2CAEF003A5395 /* AppDelegate.m in Sources */,
				26CCCC4815E2CAEF003A5395 /* ViewController.m in Sources */,
			);
			runOnlyForDeploymentPostprocessing = 0;
		};
		26CCCC4915E2CAEF003A5395 /* Sources */ = {
			isa = PBXSourcesBuildPhase;
			buildActionMask = 2147483647;
			files = (
				26CCCC5D15E2CAEF003A5395 /* BasicTests.m in Sources */,
			);
			runOnlyForDeploymentPostprocessing = 0;
		};
/* End PBXSourcesBuildPhase section */

/* Begin PBXTargetDependency section */
		26CCCC5415E2CAEF003A5395 /* PBXTargetDependency */ = {
			isa = PBXTargetDependency;
			target = 26CCCC2915E2CAEF003A5395 /* Basic */;
			targetProxy = 26CCCC5315E2CAEF003A5395 /* PBXContainerItemProxy */;
		};
/* End PBXTargetDependency section */

/* Begin PBXVariantGroup section */
		26CCCC3715E2CAEF003A5395 /* InfoPlist.strings */ = {
			isa = PBXVariantGroup;
			children = (
				26CCCC3815E2CAEF003A5395 /* en */,
			);
			name = InfoPlist.strings;
			sourceTree = "<group>";
		};
		26CCCC4015E2CAEF003A5395 /* MainStoryboard_iPhone.storyboard */ = {
			isa = PBXVariantGroup;
			children = (
				26CCCC4115E2CAEF003A5395 /* en */,
			);
			name = MainStoryboard_iPhone.storyboard;
			sourceTree = "<group>";
		};
		26CCCC4315E2CAEF003A5395 /* MainStoryboard_iPad.storyboard */ = {
			isa = PBXVariantGroup;
			children = (
				26CCCC4415E2CAEF003A5395 /* en */,
			);
			name = MainStoryboard_iPad.storyboard;
			sourceTree = "<group>";
		};
		26CCCC5815E2CAEF003A5395 /* InfoPlist.strings */ = {
			isa = PBXVariantGroup;
			children = (
				26CCCC5915E2CAEF003A5395 /* en */,
			);
			name = InfoPlist.strings;
			sourceTree = "<group>";
		};
/* End PBXVariantGroup section */

/* Begin XCBuildConfiguration section */
		26CCCC5E15E2CAEF003A5395 /* Debug */ = {
			isa = XCBuildConfiguration;
			buildSettings = {
				ALWAYS_SEARCH_USER_PATHS = NO;
				ARCHS = "$(ARCHS_STANDARD_32_BIT)";
				CLANG_ENABLE_OBJC_ARC = YES;
				"CODE_SIGN_IDENTITY[sdk=iphoneos*]" = "iPhone Developer";
				COPY_PHASE_STRIP = NO;
				GCC_C_LANGUAGE_STANDARD = gnu99;
				GCC_DYNAMIC_NO_PIC = NO;
				GCC_OPTIMIZATION_LEVEL = 0;
				GCC_PREPROCESSOR_DEFINITIONS = (
					"DEBUG=1",
					"$(inherited)",
				);
				GCC_SYMBOLS_PRIVATE_EXTERN = NO;
				GCC_VERSION = com.apple.compilers.llvm.clang.1_0;
				GCC_WARN_ABOUT_RETURN_TYPE = YES;
				GCC_WARN_UNINITIALIZED_AUTOS = YES;
				GCC_WARN_UNUSED_VARIABLE = YES;
				IPHONEOS_DEPLOYMENT_TARGET = 5.0;
				SDKROOT = iphoneos;
				TARGETED_DEVICE_FAMILY = "1,2";
			};
			name = Debug;
		};
		26CCCC5F15E2CAEF003A5395 /* Release */ = {
			isa = XCBuildConfiguration;
			buildSettings = {
				ALWAYS_SEARCH_USER_PATHS = NO;
				ARCHS = "$(ARCHS_STANDARD_32_BIT)";
				CLANG_ENABLE_OBJC_ARC = YES;
				"CODE_SIGN_IDENTITY[sdk=iphoneos*]" = "iPhone Developer";
				COPY_PHASE_STRIP = YES;
				GCC_C_LANGUAGE_STANDARD = gnu99;
				GCC_VERSION = com.apple.compilers.llvm.clang.1_0;
				GCC_WARN_ABOUT_RETURN_TYPE = YES;
				GCC_WARN_UNINITIALIZED_AUTOS = YES;
				GCC_WARN_UNUSED_VARIABLE = YES;
				IPHONEOS_DEPLOYMENT_TARGET = 5.0;
				OTHER_CFLAGS = "-DNS_BLOCK_ASSERTIONS=1";
				SDKROOT = iphoneos;
				TARGETED_DEVICE_FAMILY = "1,2";
				VALIDATE_PRODUCT = YES;
			};
			name = Release;
		};
		26CCCC6115E2CAEF003A5395 /* Debug */ = {
			isa = XCBuildConfiguration;
			buildSettings = {
				GCC_PRECOMPILE_PREFIX_HEADER = YES;
				GCC_PREFIX_HEADER = "Basic/Basic-Prefix.pch";
				INFOPLIST_FILE = "Basic/Basic-Info.plist";
				PRODUCT_NAME = "$(TARGET_NAME)";
				WRAPPER_EXTENSION = app;
			};
			name = Debug;
		};
		26CCCC6215E2CAEF003A5395 /* Release */ = {
			isa = XCBuildConfiguration;
			buildSettings = {
				GCC_PRECOMPILE_PREFIX_HEADER = YES;
				GCC_PREFIX_HEADER = "Basic/Basic-Prefix.pch";
				INFOPLIST_FILE = "Basic/Basic-Info.plist";
				PRODUCT_NAME = "$(TARGET_NAME)";
				WRAPPER_EXTENSION = app;
			};
			name = Release;
		};
		26CCCC6415E2CAEF003A5395 /* Debug */ = {
			isa = XCBuildConfiguration;
			buildSettings = {
				BUNDLE_LOADER = "$(BUILT_PRODUCTS_DIR)/Basic.app/Basic";
				FRAMEWORK_SEARCH_PATHS = (
					"$(SDKROOT)/Developer/Library/Frameworks",
					"$(DEVELOPER_LIBRARY_DIR)/Frameworks",
				);
				GCC_PRECOMPILE_PREFIX_HEADER = YES;
				GCC_PREFIX_HEADER = "Basic/Basic-Prefix.pch";
				INFOPLIST_FILE = "BasicTests/BasicTests-Info.plist";
				PRODUCT_NAME = "$(TARGET_NAME)";
				TEST_HOST = "$(BUNDLE_LOADER)";
				WRAPPER_EXTENSION = octest;
			};
			name = Debug;
		};
		26CCCC6515E2CAEF003A5395 /* Release */ = {
			isa = XCBuildConfiguration;
			buildSettings = {
				BUNDLE_LOADER = "$(BUILT_PRODUCTS_DIR)/Basic.app/Basic";
				FRAMEWORK_SEARCH_PATHS = (
					"$(SDKROOT)/Developer/Library/Frameworks",
					"$(DEVELOPER_LIBRARY_DIR)/Frameworks",
				);
				GCC_PRECOMPILE_PREFIX_HEADER = YES;
				GCC_PREFIX_HEADER = "Basic/Basic-Prefix.pch";
				INFOPLIST_FILE = "BasicTests/BasicTests-Info.plist";
				PRODUCT_NAME = "$(TARGET_NAME)";
				TEST_HOST = "$(BUNDLE_LOADER)";
				WRAPPER_EXTENSION = octest;
			};
			name = Release;
		};
/* End XCBuildConfiguration section */

/* Begin XCConfigurationList section */
		26CCCC2415E2CAEF003A5395 /* Build configuration list for PBXProject "Basic" */ = {
			isa = XCConfigurationList;
			buildConfigurations = (
				26CCCC5E15E2CAEF003A5395 /* Debug */,
				26CCCC5F15E2CAEF003A5395 /* Release */,
			);
			defaultConfigurationIsVisible = 0;
			defaultConfigurationName = Release;
		};
		26CCCC6015E2CAEF003A5395 /* Build configuration list for PBXNativeTarget "Basic" */ = {
			isa = XCConfigurationList;
			buildConfigurations = (
				26CCCC6115E2CAEF003A5395 /* Debug */,
				26CCCC6215E2CAEF003A5395 /* Release */,
			);
			defaultConfigurationIsVisible = 0;
		};
		26CCCC6315E2CAEF003A5395 /* Build configuration list for PBXNativeTarget "BasicTests" */ = {
			isa = XCConfigurationList;
			buildConfigurations = (
				26CCCC6415E2CAEF003A5395 /* Debug */,
				26CCCC6515E2CAEF003A5395 /* Release */,
			);
			defaultConfigurationIsVisible = 0;
		};
/* End XCConfigurationList section */
	};
	rootObject = 26CCCC2115E2CAEF003A5395 /* Project object */;
}
